
Microsoft Visual Studio Solution File, Format Version 12.00
# Visual Studio Version 16
VisualStudioVersion = 16.0.29519.87
MinimumVisualStudioVersion = 10.0.40219.1
Project("{FAE04EC0-301F-11D3-BF4B-00C04F79EFBC}") = "Advent of Code - Day 2", "Advent of Code - Day 2\Advent of Code - Day 2.csproj", "{7A2D4942-DB08-4F45-ABD2-B501F5FF3FF3}"
EndProject
Global
	GlobalSection(SolutionConfigurationPlatforms) = preSolution
		Debug|Any CPU = Debug|Any CPU
		Release|Any CPU = Release|Any CPU
	EndGlobalSection
	GlobalSection(ProjectConfigurationPlatforms) = postSolution
		{7A2D4942-DB08-4F45-ABD2-B501F5FF3FF3}.Debug|Any CPU.ActiveCfg = Debug|Any CPU
		{7A2D4942-DB08-4F45-ABD2-B501F5FF3FF3}.Debug|Any CPU.Build.0 = Debug|Any CPU
		{7A2D4942-DB08-4F45-ABD2-B501F5FF3FF3}.Release|Any CPU.ActiveCfg = Release|Any CPU
		{7A2D4942-DB08-4F45-ABD2-B501F5FF3FF3}.Release|Any CPU.Build.0 = Release|Any CPU
	EndGlobalSection
	GlobalSection(SolutionProperties) = preSolution
		HideSolutionNode = FALSE
	EndGlobalSection
	GlobalSection(ExtensibilityGlobals) = postSolution
		SolutionGuid = {C4D8768A-482C-436F-95E9-814C6E56686E}
	EndGlobalSection
EndGlobal
